
Microsoft Visual Studio Solution File, Format Version 12.00
# Visual Studio 14
VisualStudioVersion = 14.0.25420.1
MinimumVisualStudioVersion = 10.0.40219.1
Project("{9092AA53-FB77-4645-B42D-1CCCA6BD08BD}") = "SalonCloud.Server", "SalonCloud.Server\SalonCloud.Server.njsproj", "{6C4B9E9B-4884-4384-8566-57A2000BC196}"
EndProject
Project("{F088123C-0E9E-452A-89E6-6BA2F21D5CAC}") = "SalonCloud.Server.Design", "SalonCloud.Server.Design\SalonCloud.Server.Design.modelproj", "{A586459E-7B94-448D-A3EC-3BADF27DAECB}"
EndProject
Global
	GlobalSection(SolutionConfigurationPlatforms) = preSolution
		Ad-Hoc|Any CPU = Ad-Hoc|Any CPU
		Ad-Hoc|ARM = Ad-Hoc|ARM
		Ad-Hoc|iPhone = Ad-Hoc|iPhone
		Ad-Hoc|iPhoneSimulator = Ad-Hoc|iPhoneSimulator
		Ad-Hoc|x64 = Ad-Hoc|x64
		Ad-Hoc|x86 = Ad-Hoc|x86
		AppStore|Any CPU = AppStore|Any CPU
		AppStore|ARM = AppStore|ARM
		AppStore|iPhone = AppStore|iPhone
		AppStore|iPhoneSimulator = AppStore|iPhoneSimulator
		AppStore|x64 = AppStore|x64
		AppStore|x86 = AppStore|x86
		Debug|Any CPU = Debug|Any CPU
		Debug|ARM = Debug|ARM
		Debug|iPhone = Debug|iPhone
		Debug|iPhoneSimulator = Debug|iPhoneSimulator
		Debug|x64 = Debug|x64
		Debug|x86 = Debug|x86
		Release|Any CPU = Release|Any CPU
		Release|ARM = Release|ARM
		Release|iPhone = Release|iPhone
		Release|iPhoneSimulator = Release|iPhoneSimulator
		Release|x64 = Release|x64
		Release|x86 = Release|x86
	EndGlobalSection
	GlobalSection(ProjectConfigurationPlatforms) = postSolution
		{6C4B9E9B-4884-4384-8566-57A2000BC196}.Ad-Hoc|Any CPU.ActiveCfg = Release|Any CPU
		{6C4B9E9B-4884-4384-8566-57A2000BC196}.Ad-Hoc|Any CPU.Build.0 = Release|Any CPU
		{6C4B9E9B-4884-4384-8566-57A2000BC196}.Ad-Hoc|ARM.ActiveCfg = Release|Any CPU
		{6C4B9E9B-4884-4384-8566-57A2000BC196}.Ad-Hoc|ARM.Build.0 = Release|Any CPU
		{6C4B9E9B-4884-4384-8566-57A2000BC196}.Ad-Hoc|iPhone.ActiveCfg = Release|Any CPU
		{6C4B9E9B-4884-4384-8566-57A2000BC196}.Ad-Hoc|iPhone.Build.0 = Release|Any CPU
		{6C4B9E9B-4884-4384-8566-57A2000BC196}.Ad-Hoc|iPhoneSimulator.ActiveCfg = Release|Any CPU
		{6C4B9E9B-4884-4384-8566-57A2000BC196}.Ad-Hoc|iPhoneSimulator.Build.0 = Release|Any CPU
		{6C4B9E9B-4884-4384-8566-57A2000BC196}.Ad-Hoc|x64.ActiveCfg = Release|Any CPU
		{6C4B9E9B-4884-4384-8566-57A2000BC196}.Ad-Hoc|x64.Build.0 = Release|Any CPU
		{6C4B9E9B-4884-4384-8566-57A2000BC196}.Ad-Hoc|x86.ActiveCfg = Release|Any CPU
		{6C4B9E9B-4884-4384-8566-57A2000BC196}.Ad-Hoc|x86.Build.0 = Release|Any CPU
		{6C4B9E9B-4884-4384-8566-57A2000BC196}.AppStore|Any CPU.ActiveCfg = Release|Any CPU
		{6C4B9E9B-4884-4384-8566-57A2000BC196}.AppStore|Any CPU.Build.0 = Release|Any CPU
		{6C4B9E9B-4884-4384-8566-57A2000BC196}.AppStore|ARM.ActiveCfg = Release|Any CPU
		{6C4B9E9B-4884-4384-8566-57A2000BC196}.AppStore|ARM.Build.0 = Release|Any CPU
		{6C4B9E9B-4884-4384-8566-57A2000BC196}.AppStore|iPhone.ActiveCfg = Release|Any CPU
		{6C4B9E9B-4884-4384-8566-57A2000BC196}.AppStore|iPhone.Build.0 = Release|Any CPU
		{6C4B9E9B-4884-4384-8566-57A2000BC196}.AppStore|iPhoneSimulator.ActiveCfg = Release|Any CPU
		{6C4B9E9B-4884-4384-8566-57A2000BC196}.AppStore|iPhoneSimulator.Build.0 = Release|Any CPU
		{6C4B9E9B-4884-4384-8566-57A2000BC196}.AppStore|x64.ActiveCfg = Release|Any CPU
		{6C4B9E9B-4884-4384-8566-57A2000BC196}.AppStore|x64.Build.0 = Release|Any CPU
		{6C4B9E9B-4884-4384-8566-57A2000BC196}.AppStore|x86.ActiveCfg = Release|Any CPU
		{6C4B9E9B-4884-4384-8566-57A2000BC196}.AppStore|x86.Build.0 = Release|Any CPU
		{6C4B9E9B-4884-4384-8566-57A2000BC196}.Debug|Any CPU.ActiveCfg = Debug|Any CPU
		{6C4B9E9B-4884-4384-8566-57A2000BC196}.Debug|Any CPU.Build.0 = Debug|Any CPU
		{6C4B9E9B-4884-4384-8566-57A2000BC196}.Debug|ARM.ActiveCfg = Debug|Any CPU
		{6C4B9E9B-4884-4384-8566-57A2000BC196}.Debug|ARM.Build.0 = Debug|Any CPU
		{6C4B9E9B-4884-4384-8566-57A2000BC196}.Debug|iPhone.ActiveCfg = Debug|Any CPU
		{6C4B9E9B-4884-4384-8566-57A2000BC196}.Debug|iPhone.Build.0 = Debug|Any CPU
		{6C4B9E9B-4884-4384-8566-57A2000BC196}.Debug|iPhoneSimulator.ActiveCfg = Debug|Any CPU
		{6C4B9E9B-4884-4384-8566-57A2000BC196}.Debug|iPhoneSimulator.Build.0 = Debug|Any CPU
		{6C4B9E9B-4884-4384-8566-57A2000BC196}.Debug|x64.ActiveCfg = Debug|Any CPU
		{6C4B9E9B-4884-4384-8566-57A2000BC196}.Debug|x64.Build.0 = Debug|Any CPU
		{6C4B9E9B-4884-4384-8566-57A2000BC196}.Debug|x86.ActiveCfg = Debug|Any CPU
		{6C4B9E9B-4884-4384-8566-57A2000BC196}.Debug|x86.Build.0 = Debug|Any CPU
		{6C4B9E9B-4884-4384-8566-57A2000BC196}.Release|Any CPU.ActiveCfg = Release|Any CPU
		{6C4B9E9B-4884-4384-8566-57A2000BC196}.Release|Any CPU.Build.0 = Release|Any CPU
		{6C4B9E9B-4884-4384-8566-57A2000BC196}.Release|ARM.ActiveCfg = Release|Any CPU
		{6C4B9E9B-4884-4384-8566-57A2000BC196}.Release|ARM.Build.0 = Release|Any CPU
		{6C4B9E9B-4884-4384-8566-57A2000BC196}.Release|iPhone.ActiveCfg = Release|Any CPU
		{6C4B9E9B-4884-4384-8566-57A2000BC196}.Release|iPhone.Build.0 = Release|Any CPU
		{6C4B9E9B-4884-4384-8566-57A2000BC196}.Release|iPhoneSimulator.ActiveCfg = Release|Any CPU
		{6C4B9E9B-4884-4384-8566-57A2000BC196}.Release|iPhoneSimulator.Build.0 = Release|Any CPU
		{6C4B9E9B-4884-4384-8566-57A2000BC196}.Release|x64.ActiveCfg = Release|Any CPU
		{6C4B9E9B-4884-4384-8566-57A2000BC196}.Release|x64.Build.0 = Release|Any CPU
		{6C4B9E9B-4884-4384-8566-57A2000BC196}.Release|x86.ActiveCfg = Release|Any CPU
		{6C4B9E9B-4884-4384-8566-57A2000BC196}.Release|x86.Build.0 = Release|Any CPU
		{A586459E-7B94-448D-A3EC-3BADF27DAECB}.Ad-Hoc|Any CPU.ActiveCfg = Release|Any CPU
		{A586459E-7B94-448D-A3EC-3BADF27DAECB}.Ad-Hoc|Any CPU.Build.0 = Release|Any CPU
		{A586459E-7B94-448D-A3EC-3BADF27DAECB}.Ad-Hoc|ARM.ActiveCfg = Release|Any CPU
		{A586459E-7B94-448D-A3EC-3BADF27DAECB}.Ad-Hoc|ARM.Build.0 = Release|Any CPU
		{A586459E-7B94-448D-A3EC-3BADF27DAECB}.Ad-Hoc|iPhone.ActiveCfg = Release|Any CPU
		{A586459E-7B94-448D-A3EC-3BADF27DAECB}.Ad-Hoc|iPhone.Build.0 = Release|Any CPU
		{A586459E-7B94-448D-A3EC-3BADF27DAECB}.Ad-Hoc|iPhoneSimulator.ActiveCfg = Release|Any CPU
		{A586459E-7B94-448D-A3EC-3BADF27DAECB}.Ad-Hoc|iPhoneSimulator.Build.0 = Release|Any CPU
		{A586459E-7B94-448D-A3EC-3BADF27DAECB}.Ad-Hoc|x64.ActiveCfg = Release|Any CPU
		{A586459E-7B94-448D-A3EC-3BADF27DAECB}.Ad-Hoc|x64.Build.0 = Release|Any CPU
		{A586459E-7B94-448D-A3EC-3BADF27DAECB}.Ad-Hoc|x86.ActiveCfg = Release|Any CPU
		{A586459E-7B94-448D-A3EC-3BADF27DAECB}.Ad-Hoc|x86.Build.0 = Release|Any CPU
		{A586459E-7B94-448D-A3EC-3BADF27DAECB}.AppStore|Any CPU.ActiveCfg = Release|Any CPU
		{A586459E-7B94-448D-A3EC-3BADF27DAECB}.AppStore|Any CPU.Build.0 = Release|Any CPU
		{A586459E-7B94-448D-A3EC-3BADF27DAECB}.AppStore|ARM.ActiveCfg = Release|Any CPU
		{A586459E-7B94-448D-A3EC-3BADF27DAECB}.AppStore|ARM.Build.0 = Release|Any CPU
		{A586459E-7B94-448D-A3EC-3BADF27DAECB}.AppStore|iPhone.ActiveCfg = Release|Any CPU
		{A586459E-7B94-448D-A3EC-3BADF27DAECB}.AppStore|iPhone.Build.0 = Release|Any CPU
		{A586459E-7B94-448D-A3EC-3BADF27DAECB}.AppStore|iPhoneSimulator.ActiveCfg = Release|Any CPU
		{A586459E-7B94-448D-A3EC-3BADF27DAECB}.AppStore|iPhoneSimulator.Build.0 = Release|Any CPU
		{A586459E-7B94-448D-A3EC-3BADF27DAECB}.AppStore|x64.ActiveCfg = Release|Any CPU
		{A586459E-7B94-448D-A3EC-3BADF27DAECB}.AppStore|x64.Build.0 = Release|Any CPU
		{A586459E-7B94-448D-A3EC-3BADF27DAECB}.AppStore|x86.ActiveCfg = Release|Any CPU
		{A586459E-7B94-448D-A3EC-3BADF27DAECB}.AppStore|x86.Build.0 = Release|Any CPU
		{A586459E-7B94-448D-A3EC-3BADF27DAECB}.Debug|Any CPU.ActiveCfg = Debug|Any CPU
		{A586459E-7B94-448D-A3EC-3BADF27DAECB}.Debug|Any CPU.Build.0 = Debug|Any CPU
		{A586459E-7B94-448D-A3EC-3BADF27DAECB}.Debug|ARM.ActiveCfg = Debug|Any CPU
		{A586459E-7B94-448D-A3EC-3BADF27DAECB}.Debug|ARM.Build.0 = Debug|Any CPU
		{A586459E-7B94-448D-A3EC-3BADF27DAECB}.Debug|iPhone.ActiveCfg = Debug|Any CPU
		{A586459E-7B94-448D-A3EC-3BADF27DAECB}.Debug|iPhone.Build.0 = Debug|Any CPU
		{A586459E-7B94-448D-A3EC-3BADF27DAECB}.Debug|iPhoneSimulator.ActiveCfg = Debug|Any CPU
		{A586459E-7B94-448D-A3EC-3BADF27DAECB}.Debug|iPhoneSimulator.Build.0 = Debug|Any CPU
		{A586459E-7B94-448D-A3EC-3BADF27DAECB}.Debug|x64.ActiveCfg = Debug|Any CPU
		{A586459E-7B94-448D-A3EC-3BADF27DAECB}.Debug|x64.Build.0 = Debug|Any CPU
		{A586459E-7B94-448D-A3EC-3BADF27DAECB}.Debug|x86.ActiveCfg = Debug|Any CPU
		{A586459E-7B94-448D-A3EC-3BADF27DAECB}.Debug|x86.Build.0 = Debug|Any CPU
		{A586459E-7B94-448D-A3EC-3BADF27DAECB}.Release|Any CPU.ActiveCfg = Release|Any CPU
		{A586459E-7B94-448D-A3EC-3BADF27DAECB}.Release|Any CPU.Build.0 = Release|Any CPU
		{A586459E-7B94-448D-A3EC-3BADF27DAECB}.Release|ARM.ActiveCfg = Release|Any CPU
		{A586459E-7B94-448D-A3EC-3BADF27DAECB}.Release|ARM.Build.0 = Release|Any CPU
		{A586459E-7B94-448D-A3EC-3BADF27DAECB}.Release|iPhone.ActiveCfg = Release|Any CPU
		{A586459E-7B94-448D-A3EC-3BADF27DAECB}.Release|iPhone.Build.0 = Release|Any CPU
		{A586459E-7B94-448D-A3EC-3BADF27DAECB}.Release|iPhoneSimulator.ActiveCfg = Release|Any CPU
		{A586459E-7B94-448D-A3EC-3BADF27DAECB}.Release|iPhoneSimulator.Build.0 = Release|Any CPU
		{A586459E-7B94-448D-A3EC-3BADF27DAECB}.Release|x64.ActiveCfg = Release|Any CPU
		{A586459E-7B94-448D-A3EC-3BADF27DAECB}.Release|x64.Build.0 = Release|Any CPU
		{A586459E-7B94-448D-A3EC-3BADF27DAECB}.Release|x86.ActiveCfg = Release|Any CPU
		{A586459E-7B94-448D-A3EC-3BADF27DAECB}.Release|x86.Build.0 = Release|Any CPU
	EndGlobalSection
	GlobalSection(SolutionProperties) = preSolution
		HideSolutionNode = FALSE
	EndGlobalSection
EndGlobal
