
Microsoft Visual Studio Solution File, Format Version 12.00
# Visual Studio 14
VisualStudioVersion = 14.0.25420.1
MinimumVisualStudioVersion = 10.0.40219.1
Project("{9092AA53-FB77-4645-B42D-1CCCA6BD08BD}") = "SalonCloud.Server", "SalonCloud.Server\SalonCloud.Server.njsproj", "{6C4B9E9B-4884-4384-8566-57A2000BC196}"
EndProject
Project("{FAE04EC0-301F-11D3-BF4B-00C04F79EFBC}") = "SalonCloud.CheckIn.Droid", "SalonCloud.CheckIn\SalonCloud.CheckIn.Droid\SalonCloud.CheckIn.Droid.csproj", "{76908BB1-9F9C-41E4-B68E-FB29FCB859A1}"
EndProject
Project("{FAE04EC0-301F-11D3-BF4B-00C04F79EFBC}") = "SalonCloud.CheckIn.iOS", "SalonCloud.CheckIn\SalonCloud.CheckIn.iOS\SalonCloud.CheckIn.iOS.csproj", "{6F9093BD-E423-4399-8114-5552ACEF9737}"
EndProject
Project("{FAE04EC0-301F-11D3-BF4B-00C04F79EFBC}") = "SalonCloud.CheckIn.UWP", "SalonCloud.CheckIn\SalonCloud.CheckIn.UWP\SalonCloud.CheckIn.UWP.csproj", "{34D88874-6C08-4DD6-8D32-B175F725C3FF}"
EndProject
Project("{FAE04EC0-301F-11D3-BF4B-00C04F79EFBC}") = "SalonCloud.CheckIn", "SalonCloud.CheckIn\SalonCloud.CheckIn\SalonCloud.CheckIn.csproj", "{6F9928CB-A1C1-4475-8272-E622B7A53820}"
EndProject
Project("{FAE04EC0-301F-11D3-BF4B-00C04F79EFBC}") = "SalonCloud.CheckIn.UITest", "SalonCloud.CheckIn.UITest\SalonCloud.CheckIn.UITest.csproj", "{80C78FC0-E179-4662-86D0-5F8E95CA609A}"
EndProject
Global
	GlobalSection(SolutionConfigurationPlatforms) = preSolution
		Ad-Hoc|Any CPU = Ad-Hoc|Any CPU
		Ad-Hoc|ARM = Ad-Hoc|ARM
		Ad-Hoc|iPhone = Ad-Hoc|iPhone
		Ad-Hoc|iPhoneSimulator = Ad-Hoc|iPhoneSimulator
		Ad-Hoc|x64 = Ad-Hoc|x64
		Ad-Hoc|x86 = Ad-Hoc|x86
		AppStore|Any CPU = AppStore|Any CPU
		AppStore|ARM = AppStore|ARM
		AppStore|iPhone = AppStore|iPhone
		AppStore|iPhoneSimulator = AppStore|iPhoneSimulator
		AppStore|x64 = AppStore|x64
		AppStore|x86 = AppStore|x86
		Debug|Any CPU = Debug|Any CPU
		Debug|ARM = Debug|ARM
		Debug|iPhone = Debug|iPhone
		Debug|iPhoneSimulator = Debug|iPhoneSimulator
		Debug|x64 = Debug|x64
		Debug|x86 = Debug|x86
		Release|Any CPU = Release|Any CPU
		Release|ARM = Release|ARM
		Release|iPhone = Release|iPhone
		Release|iPhoneSimulator = Release|iPhoneSimulator
		Release|x64 = Release|x64
		Release|x86 = Release|x86
	EndGlobalSection
	GlobalSection(ProjectConfigurationPlatforms) = postSolution
		{6C4B9E9B-4884-4384-8566-57A2000BC196}.Ad-Hoc|Any CPU.ActiveCfg = Release|Any CPU
		{6C4B9E9B-4884-4384-8566-57A2000BC196}.Ad-Hoc|Any CPU.Build.0 = Release|Any CPU
		{6C4B9E9B-4884-4384-8566-57A2000BC196}.Ad-Hoc|ARM.ActiveCfg = Release|Any CPU
		{6C4B9E9B-4884-4384-8566-57A2000BC196}.Ad-Hoc|ARM.Build.0 = Release|Any CPU
		{6C4B9E9B-4884-4384-8566-57A2000BC196}.Ad-Hoc|iPhone.ActiveCfg = Release|Any CPU
		{6C4B9E9B-4884-4384-8566-57A2000BC196}.Ad-Hoc|iPhone.Build.0 = Release|Any CPU
		{6C4B9E9B-4884-4384-8566-57A2000BC196}.Ad-Hoc|iPhoneSimulator.ActiveCfg = Release|Any CPU
		{6C4B9E9B-4884-4384-8566-57A2000BC196}.Ad-Hoc|iPhoneSimulator.Build.0 = Release|Any CPU
		{6C4B9E9B-4884-4384-8566-57A2000BC196}.Ad-Hoc|x64.ActiveCfg = Release|Any CPU
		{6C4B9E9B-4884-4384-8566-57A2000BC196}.Ad-Hoc|x64.Build.0 = Release|Any CPU
		{6C4B9E9B-4884-4384-8566-57A2000BC196}.Ad-Hoc|x86.ActiveCfg = Release|Any CPU
		{6C4B9E9B-4884-4384-8566-57A2000BC196}.Ad-Hoc|x86.Build.0 = Release|Any CPU
		{6C4B9E9B-4884-4384-8566-57A2000BC196}.AppStore|Any CPU.ActiveCfg = Release|Any CPU
		{6C4B9E9B-4884-4384-8566-57A2000BC196}.AppStore|Any CPU.Build.0 = Release|Any CPU
		{6C4B9E9B-4884-4384-8566-57A2000BC196}.AppStore|ARM.ActiveCfg = Release|Any CPU
		{6C4B9E9B-4884-4384-8566-57A2000BC196}.AppStore|ARM.Build.0 = Release|Any CPU
		{6C4B9E9B-4884-4384-8566-57A2000BC196}.AppStore|iPhone.ActiveCfg = Release|Any CPU
		{6C4B9E9B-4884-4384-8566-57A2000BC196}.AppStore|iPhone.Build.0 = Release|Any CPU
		{6C4B9E9B-4884-4384-8566-57A2000BC196}.AppStore|iPhoneSimulator.ActiveCfg = Release|Any CPU
		{6C4B9E9B-4884-4384-8566-57A2000BC196}.AppStore|iPhoneSimulator.Build.0 = Release|Any CPU
		{6C4B9E9B-4884-4384-8566-57A2000BC196}.AppStore|x64.ActiveCfg = Release|Any CPU
		{6C4B9E9B-4884-4384-8566-57A2000BC196}.AppStore|x64.Build.0 = Release|Any CPU
		{6C4B9E9B-4884-4384-8566-57A2000BC196}.AppStore|x86.ActiveCfg = Release|Any CPU
		{6C4B9E9B-4884-4384-8566-57A2000BC196}.AppStore|x86.Build.0 = Release|Any CPU
		{6C4B9E9B-4884-4384-8566-57A2000BC196}.Debug|Any CPU.ActiveCfg = Debug|Any CPU
		{6C4B9E9B-4884-4384-8566-57A2000BC196}.Debug|Any CPU.Build.0 = Debug|Any CPU
		{6C4B9E9B-4884-4384-8566-57A2000BC196}.Debug|ARM.ActiveCfg = Debug|Any CPU
		{6C4B9E9B-4884-4384-8566-57A2000BC196}.Debug|ARM.Build.0 = Debug|Any CPU
		{6C4B9E9B-4884-4384-8566-57A2000BC196}.Debug|iPhone.ActiveCfg = Debug|Any CPU
		{6C4B9E9B-4884-4384-8566-57A2000BC196}.Debug|iPhone.Build.0 = Debug|Any CPU
		{6C4B9E9B-4884-4384-8566-57A2000BC196}.Debug|iPhoneSimulator.ActiveCfg = Debug|Any CPU
		{6C4B9E9B-4884-4384-8566-57A2000BC196}.Debug|iPhoneSimulator.Build.0 = Debug|Any CPU
		{6C4B9E9B-4884-4384-8566-57A2000BC196}.Debug|x64.ActiveCfg = Debug|Any CPU
		{6C4B9E9B-4884-4384-8566-57A2000BC196}.Debug|x64.Build.0 = Debug|Any CPU
		{6C4B9E9B-4884-4384-8566-57A2000BC196}.Debug|x86.ActiveCfg = Debug|Any CPU
		{6C4B9E9B-4884-4384-8566-57A2000BC196}.Debug|x86.Build.0 = Debug|Any CPU
		{6C4B9E9B-4884-4384-8566-57A2000BC196}.Release|Any CPU.ActiveCfg = Release|Any CPU
		{6C4B9E9B-4884-4384-8566-57A2000BC196}.Release|Any CPU.Build.0 = Release|Any CPU
		{6C4B9E9B-4884-4384-8566-57A2000BC196}.Release|ARM.ActiveCfg = Release|Any CPU
		{6C4B9E9B-4884-4384-8566-57A2000BC196}.Release|ARM.Build.0 = Release|Any CPU
		{6C4B9E9B-4884-4384-8566-57A2000BC196}.Release|iPhone.ActiveCfg = Release|Any CPU
		{6C4B9E9B-4884-4384-8566-57A2000BC196}.Release|iPhone.Build.0 = Release|Any CPU
		{6C4B9E9B-4884-4384-8566-57A2000BC196}.Release|iPhoneSimulator.ActiveCfg = Release|Any CPU
		{6C4B9E9B-4884-4384-8566-57A2000BC196}.Release|iPhoneSimulator.Build.0 = Release|Any CPU
		{6C4B9E9B-4884-4384-8566-57A2000BC196}.Release|x64.ActiveCfg = Release|Any CPU
		{6C4B9E9B-4884-4384-8566-57A2000BC196}.Release|x64.Build.0 = Release|Any CPU
		{6C4B9E9B-4884-4384-8566-57A2000BC196}.Release|x86.ActiveCfg = Release|Any CPU
		{6C4B9E9B-4884-4384-8566-57A2000BC196}.Release|x86.Build.0 = Release|Any CPU
		{76908BB1-9F9C-41E4-B68E-FB29FCB859A1}.Ad-Hoc|Any CPU.ActiveCfg = Release|Any CPU
		{76908BB1-9F9C-41E4-B68E-FB29FCB859A1}.Ad-Hoc|Any CPU.Build.0 = Release|Any CPU
		{76908BB1-9F9C-41E4-B68E-FB29FCB859A1}.Ad-Hoc|Any CPU.Deploy.0 = Release|Any CPU
		{76908BB1-9F9C-41E4-B68E-FB29FCB859A1}.Ad-Hoc|ARM.ActiveCfg = Release|Any CPU
		{76908BB1-9F9C-41E4-B68E-FB29FCB859A1}.Ad-Hoc|ARM.Build.0 = Release|Any CPU
		{76908BB1-9F9C-41E4-B68E-FB29FCB859A1}.Ad-Hoc|ARM.Deploy.0 = Release|Any CPU
		{76908BB1-9F9C-41E4-B68E-FB29FCB859A1}.Ad-Hoc|iPhone.ActiveCfg = Release|Any CPU
		{76908BB1-9F9C-41E4-B68E-FB29FCB859A1}.Ad-Hoc|iPhone.Build.0 = Release|Any CPU
		{76908BB1-9F9C-41E4-B68E-FB29FCB859A1}.Ad-Hoc|iPhone.Deploy.0 = Release|Any CPU
		{76908BB1-9F9C-41E4-B68E-FB29FCB859A1}.Ad-Hoc|iPhoneSimulator.ActiveCfg = Release|Any CPU
		{76908BB1-9F9C-41E4-B68E-FB29FCB859A1}.Ad-Hoc|iPhoneSimulator.Build.0 = Release|Any CPU
		{76908BB1-9F9C-41E4-B68E-FB29FCB859A1}.Ad-Hoc|iPhoneSimulator.Deploy.0 = Release|Any CPU
		{76908BB1-9F9C-41E4-B68E-FB29FCB859A1}.Ad-Hoc|x64.ActiveCfg = Release|Any CPU
		{76908BB1-9F9C-41E4-B68E-FB29FCB859A1}.Ad-Hoc|x64.Build.0 = Release|Any CPU
		{76908BB1-9F9C-41E4-B68E-FB29FCB859A1}.Ad-Hoc|x64.Deploy.0 = Release|Any CPU
		{76908BB1-9F9C-41E4-B68E-FB29FCB859A1}.Ad-Hoc|x86.ActiveCfg = Release|Any CPU
		{76908BB1-9F9C-41E4-B68E-FB29FCB859A1}.Ad-Hoc|x86.Build.0 = Release|Any CPU
		{76908BB1-9F9C-41E4-B68E-FB29FCB859A1}.Ad-Hoc|x86.Deploy.0 = Release|Any CPU
		{76908BB1-9F9C-41E4-B68E-FB29FCB859A1}.AppStore|Any CPU.ActiveCfg = Release|Any CPU
		{76908BB1-9F9C-41E4-B68E-FB29FCB859A1}.AppStore|Any CPU.Build.0 = Release|Any CPU
		{76908BB1-9F9C-41E4-B68E-FB29FCB859A1}.AppStore|Any CPU.Deploy.0 = Release|Any CPU
		{76908BB1-9F9C-41E4-B68E-FB29FCB859A1}.AppStore|ARM.ActiveCfg = Release|Any CPU
		{76908BB1-9F9C-41E4-B68E-FB29FCB859A1}.AppStore|ARM.Build.0 = Release|Any CPU
		{76908BB1-9F9C-41E4-B68E-FB29FCB859A1}.AppStore|ARM.Deploy.0 = Release|Any CPU
		{76908BB1-9F9C-41E4-B68E-FB29FCB859A1}.AppStore|iPhone.ActiveCfg = Release|Any CPU
		{76908BB1-9F9C-41E4-B68E-FB29FCB859A1}.AppStore|iPhone.Build.0 = Release|Any CPU
		{76908BB1-9F9C-41E4-B68E-FB29FCB859A1}.AppStore|iPhone.Deploy.0 = Release|Any CPU
		{76908BB1-9F9C-41E4-B68E-FB29FCB859A1}.AppStore|iPhoneSimulator.ActiveCfg = Release|Any CPU
		{76908BB1-9F9C-41E4-B68E-FB29FCB859A1}.AppStore|iPhoneSimulator.Build.0 = Release|Any CPU
		{76908BB1-9F9C-41E4-B68E-FB29FCB859A1}.AppStore|iPhoneSimulator.Deploy.0 = Release|Any CPU
		{76908BB1-9F9C-41E4-B68E-FB29FCB859A1}.AppStore|x64.ActiveCfg = Release|Any CPU
		{76908BB1-9F9C-41E4-B68E-FB29FCB859A1}.AppStore|x64.Build.0 = Release|Any CPU
		{76908BB1-9F9C-41E4-B68E-FB29FCB859A1}.AppStore|x64.Deploy.0 = Release|Any CPU
		{76908BB1-9F9C-41E4-B68E-FB29FCB859A1}.AppStore|x86.ActiveCfg = Release|Any CPU
		{76908BB1-9F9C-41E4-B68E-FB29FCB859A1}.AppStore|x86.Build.0 = Release|Any CPU
		{76908BB1-9F9C-41E4-B68E-FB29FCB859A1}.AppStore|x86.Deploy.0 = Release|Any CPU
		{76908BB1-9F9C-41E4-B68E-FB29FCB859A1}.Debug|Any CPU.ActiveCfg = Debug|Any CPU
		{76908BB1-9F9C-41E4-B68E-FB29FCB859A1}.Debug|Any CPU.Build.0 = Debug|Any CPU
		{76908BB1-9F9C-41E4-B68E-FB29FCB859A1}.Debug|Any CPU.Deploy.0 = Debug|Any CPU
		{76908BB1-9F9C-41E4-B68E-FB29FCB859A1}.Debug|ARM.ActiveCfg = Debug|Any CPU
		{76908BB1-9F9C-41E4-B68E-FB29FCB859A1}.Debug|ARM.Build.0 = Debug|Any CPU
		{76908BB1-9F9C-41E4-B68E-FB29FCB859A1}.Debug|ARM.Deploy.0 = Debug|Any CPU
		{76908BB1-9F9C-41E4-B68E-FB29FCB859A1}.Debug|iPhone.ActiveCfg = Debug|Any CPU
		{76908BB1-9F9C-41E4-B68E-FB29FCB859A1}.Debug|iPhone.Build.0 = Debug|Any CPU
		{76908BB1-9F9C-41E4-B68E-FB29FCB859A1}.Debug|iPhone.Deploy.0 = Debug|Any CPU
		{76908BB1-9F9C-41E4-B68E-FB29FCB859A1}.Debug|iPhoneSimulator.ActiveCfg = Debug|Any CPU
		{76908BB1-9F9C-41E4-B68E-FB29FCB859A1}.Debug|iPhoneSimulator.Build.0 = Debug|Any CPU
		{76908BB1-9F9C-41E4-B68E-FB29FCB859A1}.Debug|iPhoneSimulator.Deploy.0 = Debug|Any CPU
		{76908BB1-9F9C-41E4-B68E-FB29FCB859A1}.Debug|x64.ActiveCfg = Debug|Any CPU
		{76908BB1-9F9C-41E4-B68E-FB29FCB859A1}.Debug|x64.Build.0 = Debug|Any CPU
		{76908BB1-9F9C-41E4-B68E-FB29FCB859A1}.Debug|x64.Deploy.0 = Debug|Any CPU
		{76908BB1-9F9C-41E4-B68E-FB29FCB859A1}.Debug|x86.ActiveCfg = Debug|Any CPU
		{76908BB1-9F9C-41E4-B68E-FB29FCB859A1}.Debug|x86.Build.0 = Debug|Any CPU
		{76908BB1-9F9C-41E4-B68E-FB29FCB859A1}.Debug|x86.Deploy.0 = Debug|Any CPU
		{76908BB1-9F9C-41E4-B68E-FB29FCB859A1}.Release|Any CPU.ActiveCfg = Release|Any CPU
		{76908BB1-9F9C-41E4-B68E-FB29FCB859A1}.Release|Any CPU.Build.0 = Release|Any CPU
		{76908BB1-9F9C-41E4-B68E-FB29FCB859A1}.Release|Any CPU.Deploy.0 = Release|Any CPU
		{76908BB1-9F9C-41E4-B68E-FB29FCB859A1}.Release|ARM.ActiveCfg = Release|Any CPU
		{76908BB1-9F9C-41E4-B68E-FB29FCB859A1}.Release|ARM.Build.0 = Release|Any CPU
		{76908BB1-9F9C-41E4-B68E-FB29FCB859A1}.Release|ARM.Deploy.0 = Release|Any CPU
		{76908BB1-9F9C-41E4-B68E-FB29FCB859A1}.Release|iPhone.ActiveCfg = Release|Any CPU
		{76908BB1-9F9C-41E4-B68E-FB29FCB859A1}.Release|iPhone.Build.0 = Release|Any CPU
		{76908BB1-9F9C-41E4-B68E-FB29FCB859A1}.Release|iPhone.Deploy.0 = Release|Any CPU
		{76908BB1-9F9C-41E4-B68E-FB29FCB859A1}.Release|iPhoneSimulator.ActiveCfg = Release|Any CPU
		{76908BB1-9F9C-41E4-B68E-FB29FCB859A1}.Release|iPhoneSimulator.Build.0 = Release|Any CPU
		{76908BB1-9F9C-41E4-B68E-FB29FCB859A1}.Release|iPhoneSimulator.Deploy.0 = Release|Any CPU
		{76908BB1-9F9C-41E4-B68E-FB29FCB859A1}.Release|x64.ActiveCfg = Release|Any CPU
		{76908BB1-9F9C-41E4-B68E-FB29FCB859A1}.Release|x64.Build.0 = Release|Any CPU
		{76908BB1-9F9C-41E4-B68E-FB29FCB859A1}.Release|x64.Deploy.0 = Release|Any CPU
		{76908BB1-9F9C-41E4-B68E-FB29FCB859A1}.Release|x86.ActiveCfg = Release|Any CPU
		{76908BB1-9F9C-41E4-B68E-FB29FCB859A1}.Release|x86.Build.0 = Release|Any CPU
		{76908BB1-9F9C-41E4-B68E-FB29FCB859A1}.Release|x86.Deploy.0 = Release|Any CPU
		{6F9093BD-E423-4399-8114-5552ACEF9737}.Ad-Hoc|Any CPU.ActiveCfg = Ad-Hoc|iPhone
		{6F9093BD-E423-4399-8114-5552ACEF9737}.Ad-Hoc|ARM.ActiveCfg = Ad-Hoc|iPhone
		{6F9093BD-E423-4399-8114-5552ACEF9737}.Ad-Hoc|iPhone.ActiveCfg = Ad-Hoc|iPhone
		{6F9093BD-E423-4399-8114-5552ACEF9737}.Ad-Hoc|iPhone.Build.0 = Ad-Hoc|iPhone
		{6F9093BD-E423-4399-8114-5552ACEF9737}.Ad-Hoc|iPhoneSimulator.ActiveCfg = Ad-Hoc|iPhoneSimulator
		{6F9093BD-E423-4399-8114-5552ACEF9737}.Ad-Hoc|iPhoneSimulator.Build.0 = Ad-Hoc|iPhoneSimulator
		{6F9093BD-E423-4399-8114-5552ACEF9737}.Ad-Hoc|x64.ActiveCfg = Ad-Hoc|iPhone
		{6F9093BD-E423-4399-8114-5552ACEF9737}.Ad-Hoc|x86.ActiveCfg = Ad-Hoc|iPhone
		{6F9093BD-E423-4399-8114-5552ACEF9737}.AppStore|Any CPU.ActiveCfg = AppStore|iPhone
		{6F9093BD-E423-4399-8114-5552ACEF9737}.AppStore|ARM.ActiveCfg = AppStore|iPhone
		{6F9093BD-E423-4399-8114-5552ACEF9737}.AppStore|iPhone.ActiveCfg = AppStore|iPhone
		{6F9093BD-E423-4399-8114-5552ACEF9737}.AppStore|iPhone.Build.0 = AppStore|iPhone
		{6F9093BD-E423-4399-8114-5552ACEF9737}.AppStore|iPhoneSimulator.ActiveCfg = AppStore|iPhoneSimulator
		{6F9093BD-E423-4399-8114-5552ACEF9737}.AppStore|iPhoneSimulator.Build.0 = AppStore|iPhoneSimulator
		{6F9093BD-E423-4399-8114-5552ACEF9737}.AppStore|x64.ActiveCfg = AppStore|iPhone
		{6F9093BD-E423-4399-8114-5552ACEF9737}.AppStore|x86.ActiveCfg = AppStore|iPhone
		{6F9093BD-E423-4399-8114-5552ACEF9737}.Debug|Any CPU.ActiveCfg = Debug|iPhone
		{6F9093BD-E423-4399-8114-5552ACEF9737}.Debug|ARM.ActiveCfg = Debug|iPhone
		{6F9093BD-E423-4399-8114-5552ACEF9737}.Debug|iPhone.ActiveCfg = Debug|iPhone
		{6F9093BD-E423-4399-8114-5552ACEF9737}.Debug|iPhone.Build.0 = Debug|iPhone
		{6F9093BD-E423-4399-8114-5552ACEF9737}.Debug|iPhoneSimulator.ActiveCfg = Debug|iPhoneSimulator
		{6F9093BD-E423-4399-8114-5552ACEF9737}.Debug|iPhoneSimulator.Build.0 = Debug|iPhoneSimulator
		{6F9093BD-E423-4399-8114-5552ACEF9737}.Debug|x64.ActiveCfg = Debug|iPhone
		{6F9093BD-E423-4399-8114-5552ACEF9737}.Debug|x86.ActiveCfg = Debug|iPhone
		{6F9093BD-E423-4399-8114-5552ACEF9737}.Release|Any CPU.ActiveCfg = Release|iPhone
		{6F9093BD-E423-4399-8114-5552ACEF9737}.Release|ARM.ActiveCfg = Release|iPhone
		{6F9093BD-E423-4399-8114-5552ACEF9737}.Release|iPhone.ActiveCfg = Release|iPhone
		{6F9093BD-E423-4399-8114-5552ACEF9737}.Release|iPhone.Build.0 = Release|iPhone
		{6F9093BD-E423-4399-8114-5552ACEF9737}.Release|iPhoneSimulator.ActiveCfg = Release|iPhoneSimulator
		{6F9093BD-E423-4399-8114-5552ACEF9737}.Release|iPhoneSimulator.Build.0 = Release|iPhoneSimulator
		{6F9093BD-E423-4399-8114-5552ACEF9737}.Release|x64.ActiveCfg = Release|iPhone
		{6F9093BD-E423-4399-8114-5552ACEF9737}.Release|x86.ActiveCfg = Release|iPhone
		{34D88874-6C08-4DD6-8D32-B175F725C3FF}.Ad-Hoc|Any CPU.ActiveCfg = Release|x86
		{34D88874-6C08-4DD6-8D32-B175F725C3FF}.Ad-Hoc|Any CPU.Build.0 = Release|x86
		{34D88874-6C08-4DD6-8D32-B175F725C3FF}.Ad-Hoc|Any CPU.Deploy.0 = Release|x86
		{34D88874-6C08-4DD6-8D32-B175F725C3FF}.Ad-Hoc|ARM.ActiveCfg = Release|ARM
		{34D88874-6C08-4DD6-8D32-B175F725C3FF}.Ad-Hoc|ARM.Build.0 = Release|ARM
		{34D88874-6C08-4DD6-8D32-B175F725C3FF}.Ad-Hoc|ARM.Deploy.0 = Release|ARM
		{34D88874-6C08-4DD6-8D32-B175F725C3FF}.Ad-Hoc|iPhone.ActiveCfg = Release|x86
		{34D88874-6C08-4DD6-8D32-B175F725C3FF}.Ad-Hoc|iPhone.Build.0 = Release|x86
		{34D88874-6C08-4DD6-8D32-B175F725C3FF}.Ad-Hoc|iPhone.Deploy.0 = Release|x86
		{34D88874-6C08-4DD6-8D32-B175F725C3FF}.Ad-Hoc|iPhoneSimulator.ActiveCfg = Release|x86
		{34D88874-6C08-4DD6-8D32-B175F725C3FF}.Ad-Hoc|iPhoneSimulator.Build.0 = Release|x86
		{34D88874-6C08-4DD6-8D32-B175F725C3FF}.Ad-Hoc|iPhoneSimulator.Deploy.0 = Release|x86
		{34D88874-6C08-4DD6-8D32-B175F725C3FF}.Ad-Hoc|x64.ActiveCfg = Release|x64
		{34D88874-6C08-4DD6-8D32-B175F725C3FF}.Ad-Hoc|x64.Build.0 = Release|x64
		{34D88874-6C08-4DD6-8D32-B175F725C3FF}.Ad-Hoc|x64.Deploy.0 = Release|x64
		{34D88874-6C08-4DD6-8D32-B175F725C3FF}.Ad-Hoc|x86.ActiveCfg = Release|x86
		{34D88874-6C08-4DD6-8D32-B175F725C3FF}.Ad-Hoc|x86.Build.0 = Release|x86
		{34D88874-6C08-4DD6-8D32-B175F725C3FF}.Ad-Hoc|x86.Deploy.0 = Release|x86
		{34D88874-6C08-4DD6-8D32-B175F725C3FF}.AppStore|Any CPU.ActiveCfg = Release|x86
		{34D88874-6C08-4DD6-8D32-B175F725C3FF}.AppStore|Any CPU.Build.0 = Release|x86
		{34D88874-6C08-4DD6-8D32-B175F725C3FF}.AppStore|Any CPU.Deploy.0 = Release|x86
		{34D88874-6C08-4DD6-8D32-B175F725C3FF}.AppStore|ARM.ActiveCfg = Release|ARM
		{34D88874-6C08-4DD6-8D32-B175F725C3FF}.AppStore|ARM.Build.0 = Release|ARM
		{34D88874-6C08-4DD6-8D32-B175F725C3FF}.AppStore|ARM.Deploy.0 = Release|ARM
		{34D88874-6C08-4DD6-8D32-B175F725C3FF}.AppStore|iPhone.ActiveCfg = Release|x86
		{34D88874-6C08-4DD6-8D32-B175F725C3FF}.AppStore|iPhone.Build.0 = Release|x86
		{34D88874-6C08-4DD6-8D32-B175F725C3FF}.AppStore|iPhone.Deploy.0 = Release|x86
		{34D88874-6C08-4DD6-8D32-B175F725C3FF}.AppStore|iPhoneSimulator.ActiveCfg = Release|x86
		{34D88874-6C08-4DD6-8D32-B175F725C3FF}.AppStore|iPhoneSimulator.Build.0 = Release|x86
		{34D88874-6C08-4DD6-8D32-B175F725C3FF}.AppStore|iPhoneSimulator.Deploy.0 = Release|x86
		{34D88874-6C08-4DD6-8D32-B175F725C3FF}.AppStore|x64.ActiveCfg = Release|x64
		{34D88874-6C08-4DD6-8D32-B175F725C3FF}.AppStore|x64.Build.0 = Release|x64
		{34D88874-6C08-4DD6-8D32-B175F725C3FF}.AppStore|x64.Deploy.0 = Release|x64
		{34D88874-6C08-4DD6-8D32-B175F725C3FF}.AppStore|x86.ActiveCfg = Release|x86
		{34D88874-6C08-4DD6-8D32-B175F725C3FF}.AppStore|x86.Build.0 = Release|x86
		{34D88874-6C08-4DD6-8D32-B175F725C3FF}.AppStore|x86.Deploy.0 = Release|x86
		{34D88874-6C08-4DD6-8D32-B175F725C3FF}.Debug|Any CPU.ActiveCfg = Debug|x86
		{34D88874-6C08-4DD6-8D32-B175F725C3FF}.Debug|ARM.ActiveCfg = Debug|ARM
		{34D88874-6C08-4DD6-8D32-B175F725C3FF}.Debug|ARM.Build.0 = Debug|ARM
		{34D88874-6C08-4DD6-8D32-B175F725C3FF}.Debug|ARM.Deploy.0 = Debug|ARM
		{34D88874-6C08-4DD6-8D32-B175F725C3FF}.Debug|iPhone.ActiveCfg = Debug|x86
		{34D88874-6C08-4DD6-8D32-B175F725C3FF}.Debug|iPhoneSimulator.ActiveCfg = Debug|x86
		{34D88874-6C08-4DD6-8D32-B175F725C3FF}.Debug|x64.ActiveCfg = Debug|x64
		{34D88874-6C08-4DD6-8D32-B175F725C3FF}.Debug|x64.Build.0 = Debug|x64
		{34D88874-6C08-4DD6-8D32-B175F725C3FF}.Debug|x64.Deploy.0 = Debug|x64
		{34D88874-6C08-4DD6-8D32-B175F725C3FF}.Debug|x86.ActiveCfg = Debug|x86
		{34D88874-6C08-4DD6-8D32-B175F725C3FF}.Debug|x86.Build.0 = Debug|x86
		{34D88874-6C08-4DD6-8D32-B175F725C3FF}.Debug|x86.Deploy.0 = Debug|x86
		{34D88874-6C08-4DD6-8D32-B175F725C3FF}.Release|Any CPU.ActiveCfg = Release|x86
		{34D88874-6C08-4DD6-8D32-B175F725C3FF}.Release|ARM.ActiveCfg = Release|ARM
		{34D88874-6C08-4DD6-8D32-B175F725C3FF}.Release|ARM.Build.0 = Release|ARM
		{34D88874-6C08-4DD6-8D32-B175F725C3FF}.Release|ARM.Deploy.0 = Release|ARM
		{34D88874-6C08-4DD6-8D32-B175F725C3FF}.Release|iPhone.ActiveCfg = Release|x86
		{34D88874-6C08-4DD6-8D32-B175F725C3FF}.Release|iPhoneSimulator.ActiveCfg = Release|x86
		{34D88874-6C08-4DD6-8D32-B175F725C3FF}.Release|x64.ActiveCfg = Release|x64
		{34D88874-6C08-4DD6-8D32-B175F725C3FF}.Release|x64.Build.0 = Release|x64
		{34D88874-6C08-4DD6-8D32-B175F725C3FF}.Release|x64.Deploy.0 = Release|x64
		{34D88874-6C08-4DD6-8D32-B175F725C3FF}.Release|x86.ActiveCfg = Release|x86
		{34D88874-6C08-4DD6-8D32-B175F725C3FF}.Release|x86.Build.0 = Release|x86
		{34D88874-6C08-4DD6-8D32-B175F725C3FF}.Release|x86.Deploy.0 = Release|x86
		{6F9928CB-A1C1-4475-8272-E622B7A53820}.Ad-Hoc|Any CPU.ActiveCfg = Release|Any CPU
		{6F9928CB-A1C1-4475-8272-E622B7A53820}.Ad-Hoc|Any CPU.Build.0 = Release|Any CPU
		{6F9928CB-A1C1-4475-8272-E622B7A53820}.Ad-Hoc|ARM.ActiveCfg = Release|Any CPU
		{6F9928CB-A1C1-4475-8272-E622B7A53820}.Ad-Hoc|ARM.Build.0 = Release|Any CPU
		{6F9928CB-A1C1-4475-8272-E622B7A53820}.Ad-Hoc|iPhone.ActiveCfg = Release|Any CPU
		{6F9928CB-A1C1-4475-8272-E622B7A53820}.Ad-Hoc|iPhone.Build.0 = Release|Any CPU
		{6F9928CB-A1C1-4475-8272-E622B7A53820}.Ad-Hoc|iPhoneSimulator.ActiveCfg = Release|Any CPU
		{6F9928CB-A1C1-4475-8272-E622B7A53820}.Ad-Hoc|iPhoneSimulator.Build.0 = Release|Any CPU
		{6F9928CB-A1C1-4475-8272-E622B7A53820}.Ad-Hoc|x64.ActiveCfg = Release|Any CPU
		{6F9928CB-A1C1-4475-8272-E622B7A53820}.Ad-Hoc|x64.Build.0 = Release|Any CPU
		{6F9928CB-A1C1-4475-8272-E622B7A53820}.Ad-Hoc|x86.ActiveCfg = Release|Any CPU
		{6F9928CB-A1C1-4475-8272-E622B7A53820}.Ad-Hoc|x86.Build.0 = Release|Any CPU
		{6F9928CB-A1C1-4475-8272-E622B7A53820}.AppStore|Any CPU.ActiveCfg = Release|Any CPU
		{6F9928CB-A1C1-4475-8272-E622B7A53820}.AppStore|Any CPU.Build.0 = Release|Any CPU
		{6F9928CB-A1C1-4475-8272-E622B7A53820}.AppStore|ARM.ActiveCfg = Release|Any CPU
		{6F9928CB-A1C1-4475-8272-E622B7A53820}.AppStore|ARM.Build.0 = Release|Any CPU
		{6F9928CB-A1C1-4475-8272-E622B7A53820}.AppStore|iPhone.ActiveCfg = Release|Any CPU
		{6F9928CB-A1C1-4475-8272-E622B7A53820}.AppStore|iPhone.Build.0 = Release|Any CPU
		{6F9928CB-A1C1-4475-8272-E622B7A53820}.AppStore|iPhoneSimulator.ActiveCfg = Release|Any CPU
		{6F9928CB-A1C1-4475-8272-E622B7A53820}.AppStore|iPhoneSimulator.Build.0 = Release|Any CPU
		{6F9928CB-A1C1-4475-8272-E622B7A53820}.AppStore|x64.ActiveCfg = Release|Any CPU
		{6F9928CB-A1C1-4475-8272-E622B7A53820}.AppStore|x64.Build.0 = Release|Any CPU
		{6F9928CB-A1C1-4475-8272-E622B7A53820}.AppStore|x86.ActiveCfg = Release|Any CPU
		{6F9928CB-A1C1-4475-8272-E622B7A53820}.AppStore|x86.Build.0 = Release|Any CPU
		{6F9928CB-A1C1-4475-8272-E622B7A53820}.Debug|Any CPU.ActiveCfg = Debug|Any CPU
		{6F9928CB-A1C1-4475-8272-E622B7A53820}.Debug|Any CPU.Build.0 = Debug|Any CPU
		{6F9928CB-A1C1-4475-8272-E622B7A53820}.Debug|ARM.ActiveCfg = Debug|Any CPU
		{6F9928CB-A1C1-4475-8272-E622B7A53820}.Debug|ARM.Build.0 = Debug|Any CPU
		{6F9928CB-A1C1-4475-8272-E622B7A53820}.Debug|iPhone.ActiveCfg = Debug|Any CPU
		{6F9928CB-A1C1-4475-8272-E622B7A53820}.Debug|iPhone.Build.0 = Debug|Any CPU
		{6F9928CB-A1C1-4475-8272-E622B7A53820}.Debug|iPhoneSimulator.ActiveCfg = Debug|Any CPU
		{6F9928CB-A1C1-4475-8272-E622B7A53820}.Debug|iPhoneSimulator.Build.0 = Debug|Any CPU
		{6F9928CB-A1C1-4475-8272-E622B7A53820}.Debug|x64.ActiveCfg = Debug|Any CPU
		{6F9928CB-A1C1-4475-8272-E622B7A53820}.Debug|x64.Build.0 = Debug|Any CPU
		{6F9928CB-A1C1-4475-8272-E622B7A53820}.Debug|x86.ActiveCfg = Debug|Any CPU
		{6F9928CB-A1C1-4475-8272-E622B7A53820}.Debug|x86.Build.0 = Debug|Any CPU
		{6F9928CB-A1C1-4475-8272-E622B7A53820}.Release|Any CPU.ActiveCfg = Release|Any CPU
		{6F9928CB-A1C1-4475-8272-E622B7A53820}.Release|Any CPU.Build.0 = Release|Any CPU
		{6F9928CB-A1C1-4475-8272-E622B7A53820}.Release|ARM.ActiveCfg = Release|Any CPU
		{6F9928CB-A1C1-4475-8272-E622B7A53820}.Release|ARM.Build.0 = Release|Any CPU
		{6F9928CB-A1C1-4475-8272-E622B7A53820}.Release|iPhone.ActiveCfg = Release|Any CPU
		{6F9928CB-A1C1-4475-8272-E622B7A53820}.Release|iPhone.Build.0 = Release|Any CPU
		{6F9928CB-A1C1-4475-8272-E622B7A53820}.Release|iPhoneSimulator.ActiveCfg = Release|Any CPU
		{6F9928CB-A1C1-4475-8272-E622B7A53820}.Release|iPhoneSimulator.Build.0 = Release|Any CPU
		{6F9928CB-A1C1-4475-8272-E622B7A53820}.Release|x64.ActiveCfg = Release|Any CPU
		{6F9928CB-A1C1-4475-8272-E622B7A53820}.Release|x64.Build.0 = Release|Any CPU
		{6F9928CB-A1C1-4475-8272-E622B7A53820}.Release|x86.ActiveCfg = Release|Any CPU
		{6F9928CB-A1C1-4475-8272-E622B7A53820}.Release|x86.Build.0 = Release|Any CPU
		{80C78FC0-E179-4662-86D0-5F8E95CA609A}.Ad-Hoc|Any CPU.ActiveCfg = Release|Any CPU
		{80C78FC0-E179-4662-86D0-5F8E95CA609A}.Ad-Hoc|Any CPU.Build.0 = Release|Any CPU
		{80C78FC0-E179-4662-86D0-5F8E95CA609A}.Ad-Hoc|ARM.ActiveCfg = Release|Any CPU
		{80C78FC0-E179-4662-86D0-5F8E95CA609A}.Ad-Hoc|ARM.Build.0 = Release|Any CPU
		{80C78FC0-E179-4662-86D0-5F8E95CA609A}.Ad-Hoc|iPhone.ActiveCfg = Release|Any CPU
		{80C78FC0-E179-4662-86D0-5F8E95CA609A}.Ad-Hoc|iPhone.Build.0 = Release|Any CPU
		{80C78FC0-E179-4662-86D0-5F8E95CA609A}.Ad-Hoc|iPhoneSimulator.ActiveCfg = Release|Any CPU
		{80C78FC0-E179-4662-86D0-5F8E95CA609A}.Ad-Hoc|iPhoneSimulator.Build.0 = Release|Any CPU
		{80C78FC0-E179-4662-86D0-5F8E95CA609A}.Ad-Hoc|x64.ActiveCfg = Release|Any CPU
		{80C78FC0-E179-4662-86D0-5F8E95CA609A}.Ad-Hoc|x64.Build.0 = Release|Any CPU
		{80C78FC0-E179-4662-86D0-5F8E95CA609A}.Ad-Hoc|x86.ActiveCfg = Release|Any CPU
		{80C78FC0-E179-4662-86D0-5F8E95CA609A}.Ad-Hoc|x86.Build.0 = Release|Any CPU
		{80C78FC0-E179-4662-86D0-5F8E95CA609A}.AppStore|Any CPU.ActiveCfg = Release|Any CPU
		{80C78FC0-E179-4662-86D0-5F8E95CA609A}.AppStore|Any CPU.Build.0 = Release|Any CPU
		{80C78FC0-E179-4662-86D0-5F8E95CA609A}.AppStore|ARM.ActiveCfg = Release|Any CPU
		{80C78FC0-E179-4662-86D0-5F8E95CA609A}.AppStore|ARM.Build.0 = Release|Any CPU
		{80C78FC0-E179-4662-86D0-5F8E95CA609A}.AppStore|iPhone.ActiveCfg = Release|Any CPU
		{80C78FC0-E179-4662-86D0-5F8E95CA609A}.AppStore|iPhone.Build.0 = Release|Any CPU
		{80C78FC0-E179-4662-86D0-5F8E95CA609A}.AppStore|iPhoneSimulator.ActiveCfg = Release|Any CPU
		{80C78FC0-E179-4662-86D0-5F8E95CA609A}.AppStore|iPhoneSimulator.Build.0 = Release|Any CPU
		{80C78FC0-E179-4662-86D0-5F8E95CA609A}.AppStore|x64.ActiveCfg = Release|Any CPU
		{80C78FC0-E179-4662-86D0-5F8E95CA609A}.AppStore|x64.Build.0 = Release|Any CPU
		{80C78FC0-E179-4662-86D0-5F8E95CA609A}.AppStore|x86.ActiveCfg = Release|Any CPU
		{80C78FC0-E179-4662-86D0-5F8E95CA609A}.AppStore|x86.Build.0 = Release|Any CPU
		{80C78FC0-E179-4662-86D0-5F8E95CA609A}.Debug|Any CPU.ActiveCfg = Debug|Any CPU
		{80C78FC0-E179-4662-86D0-5F8E95CA609A}.Debug|Any CPU.Build.0 = Debug|Any CPU
		{80C78FC0-E179-4662-86D0-5F8E95CA609A}.Debug|ARM.ActiveCfg = Debug|Any CPU
		{80C78FC0-E179-4662-86D0-5F8E95CA609A}.Debug|ARM.Build.0 = Debug|Any CPU
		{80C78FC0-E179-4662-86D0-5F8E95CA609A}.Debug|iPhone.ActiveCfg = Debug|Any CPU
		{80C78FC0-E179-4662-86D0-5F8E95CA609A}.Debug|iPhone.Build.0 = Debug|Any CPU
		{80C78FC0-E179-4662-86D0-5F8E95CA609A}.Debug|iPhoneSimulator.ActiveCfg = Debug|Any CPU
		{80C78FC0-E179-4662-86D0-5F8E95CA609A}.Debug|iPhoneSimulator.Build.0 = Debug|Any CPU
		{80C78FC0-E179-4662-86D0-5F8E95CA609A}.Debug|x64.ActiveCfg = Debug|Any CPU
		{80C78FC0-E179-4662-86D0-5F8E95CA609A}.Debug|x64.Build.0 = Debug|Any CPU
		{80C78FC0-E179-4662-86D0-5F8E95CA609A}.Debug|x86.ActiveCfg = Debug|Any CPU
		{80C78FC0-E179-4662-86D0-5F8E95CA609A}.Debug|x86.Build.0 = Debug|Any CPU
		{80C78FC0-E179-4662-86D0-5F8E95CA609A}.Release|Any CPU.ActiveCfg = Release|Any CPU
		{80C78FC0-E179-4662-86D0-5F8E95CA609A}.Release|Any CPU.Build.0 = Release|Any CPU
		{80C78FC0-E179-4662-86D0-5F8E95CA609A}.Release|ARM.ActiveCfg = Release|Any CPU
		{80C78FC0-E179-4662-86D0-5F8E95CA609A}.Release|ARM.Build.0 = Release|Any CPU
		{80C78FC0-E179-4662-86D0-5F8E95CA609A}.Release|iPhone.ActiveCfg = Release|Any CPU
		{80C78FC0-E179-4662-86D0-5F8E95CA609A}.Release|iPhone.Build.0 = Release|Any CPU
		{80C78FC0-E179-4662-86D0-5F8E95CA609A}.Release|iPhoneSimulator.ActiveCfg = Release|Any CPU
		{80C78FC0-E179-4662-86D0-5F8E95CA609A}.Release|iPhoneSimulator.Build.0 = Release|Any CPU
		{80C78FC0-E179-4662-86D0-5F8E95CA609A}.Release|x64.ActiveCfg = Release|Any CPU
		{80C78FC0-E179-4662-86D0-5F8E95CA609A}.Release|x64.Build.0 = Release|Any CPU
		{80C78FC0-E179-4662-86D0-5F8E95CA609A}.Release|x86.ActiveCfg = Release|Any CPU
		{80C78FC0-E179-4662-86D0-5F8E95CA609A}.Release|x86.Build.0 = Release|Any CPU
	EndGlobalSection
	GlobalSection(SolutionProperties) = preSolution
		HideSolutionNode = FALSE
	EndGlobalSection
EndGlobal
